// !$*UTF8*$!
{
	archiveVersion = 1;
	classes = {
	};
	objectVersion = 50;
	objects = {

/* Begin PBXBuildFile section */
		204C814D2426A1C200F1DD9F /* AppDelegate.swift in Sources */ = {isa = PBXBuildFile; fileRef = 204C814C2426A1C200F1DD9F /* AppDelegate.swift */; };
		204C814F2426A1C200F1DD9F /* SceneDelegate.swift in Sources */ = {isa = PBXBuildFile; fileRef = 204C814E2426A1C200F1DD9F /* SceneDelegate.swift */; };
		204C81512426A1C200F1DD9F /* ViewController.swift in Sources */ = {isa = PBXBuildFile; fileRef = 204C81502426A1C200F1DD9F /* ViewController.swift */; };
		204C81542426A1C200F1DD9F /* Main.storyboard in Resources */ = {isa = PBXBuildFile; fileRef = 204C81522426A1C200F1DD9F /* Main.storyboard */; };
		204C81562426A1C500F1DD9F /* Assets.xcassets in Resources */ = {isa = PBXBuildFile; fileRef = 204C81552426A1C500F1DD9F /* Assets.xcassets */; };
		204C81592426A1C500F1DD9F /* LaunchScreen.storyboard in Resources */ = {isa = PBXBuildFile; fileRef = 204C81572426A1C500F1DD9F /* LaunchScreen.storyboard */; };
		204C81642426A1C500F1DD9F /* projectTests.swift in Sources */ = {isa = PBXBuildFile; fileRef = 204C81632426A1C500F1DD9F /* projectTests.swift */; };
		204C816F2426A1C500F1DD9F /* projectUITests.swift in Sources */ = {isa = PBXBuildFile; fileRef = 204C816E2426A1C500F1DD9F /* projectUITests.swift */; };
/* End PBXBuildFile section */

/* Begin PBXContainerItemProxy section */
		204C81602426A1C500F1DD9F /* PBXContainerItemProxy */ = {
			isa = PBXContainerItemProxy;
			containerPortal = 204C81412426A1C200F1DD9F /* Project object */;
			proxyType = 1;
			remoteGlobalIDString = 204C81482426A1C200F1DD9F;
			remoteInfo = project;
		};
		204C816B2426A1C500F1DD9F /* PBXContainerItemProxy */ = {
			isa = PBXContainerItemProxy;
			containerPortal = 204C81412426A1C200F1DD9F /* Project object */;
			proxyType = 1;
			remoteGlobalIDString = 204C81482426A1C200F1DD9F;
			remoteInfo = project;
		};
/* End PBXContainerItemProxy section */

/* Begin PBXFileReference section */
		204C81492426A1C200F1DD9F /* project.app */ = {isa = PBXFileReference; explicitFileType = wrapper.application; includeInIndex = 0; path = project.app; sourceTree = BUILT_PRODUCTS_DIR; };
		204C814C2426A1C200F1DD9F /* AppDelegate.swift */ = {isa = PBXFileReference; lastKnownFileType = sourcecode.swift; path = AppDelegate.swift; sourceTree = "<group>"; };
		204C814E2426A1C200F1DD9F /* SceneDelegate.swift */ = {isa = PBXFileReference; lastKnownFileType = sourcecode.swift; path = SceneDelegate.swift; sourceTree = "<group>"; };
		204C81502426A1C200F1DD9F /* ViewController.swift */ = {isa = PBXFileReference; lastKnownFileType = sourcecode.swift; path = ViewController.swift; sourceTree = "<group>"; };
		204C81532426A1C200F1DD9F /* Base */ = {isa = PBXFileReference; lastKnownFileType = file.storyboard; name = Base; path = Base.lproj/Main.storyboard; sourceTree = "<group>"; };
		204C81552426A1C500F1DD9F /* Assets.xcassets */ = {isa = PBXFileReference; lastKnownFileType = folder.assetcatalog; path = Assets.xcassets; sourceTree = "<group>"; };
		204C81582426A1C500F1DD9F /* Base */ = {isa = PBXFileReference; lastKnownFileType = file.storyboard; name = Base; path = Base.lproj/LaunchScreen.storyboard; sourceTree = "<group>"; };
		204C815A2426A1C500F1DD9F /* Info.plist */ = {isa = PBXFileReference; lastKnownFileType = text.plist.xml; path = Info.plist; sourceTree = "<group>"; };
		204C815F2426A1C500F1DD9F /* projectTests.xctest */ = {isa = PBXFileReference; explicitFileType = wrapper.cfbundle; includeInIndex = 0; path = projectTests.xctest; sourceTree = BUILT_PRODUCTS_DIR; };
		204C81632426A1C500F1DD9F /* projectTests.swift */ = {isa = PBXFileReference; lastKnownFileType = sourcecode.swift; path = projectTests.swift; sourceTree = "<group>"; };
		204C81652426A1C500F1DD9F /* Info.plist */ = {isa = PBXFileReference; lastKnownFileType = text.plist.xml; path = Info.plist; sourceTree = "<group>"; };
		204C816A2426A1C500F1DD9F /* projectUITests.xctest */ = {isa = PBXFileReference; explicitFileType = wrapper.cfbundle; includeInIndex = 0; path = projectUITests.xctest; sourceTree = BUILT_PRODUCTS_DIR; };
		204C816E2426A1C500F1DD9F /* projectUITests.swift */ = {isa = PBXFileReference; lastKnownFileType = sourcecode.swift; path = projectUITests.swift; sourceTree = "<group>"; };
		204C81702426A1C500F1DD9F /* Info.plist */ = {isa = PBXFileReference; lastKnownFileType = text.plist.xml; path = Info.plist; sourceTree = "<group>"; };
/* End PBXFileReference section */

/* Begin PBXFrameworksBuildPhase section */
		204C81462426A1C200F1DD9F /* Frameworks */ = {
			isa = PBXFrameworksBuildPhase;
			buildActionMask = 2147483647;
			files = (
			);
			runOnlyForDeploymentPostprocessing = 0;
		};
		204C815C2426A1C500F1DD9F /* Frameworks */ = {
			isa = PBXFrameworksBuildPhase;
			buildActionMask = 2147483647;
			files = (
			);
			runOnlyForDeploymentPostprocessing = 0;
		};
		204C81672426A1C500F1DD9F /* Frameworks */ = {
			isa = PBXFrameworksBuildPhase;
			buildActionMask = 2147483647;
			files = (
			);
			runOnlyForDeploymentPostprocessing = 0;
		};
/* End PBXFrameworksBuildPhase section */

/* Begin PBXGroup section */
		204C81402426A1C200F1DD9F = {
			isa = PBXGroup;
			children = (
				204C814B2426A1C200F1DD9F /* project */,
				204C81622426A1C500F1DD9F /* projectTests */,
				204C816D2426A1C500F1DD9F /* projectUITests */,
				204C814A2426A1C200F1DD9F /* Products */,
			);
			sourceTree = "<group>";
		};
		204C814A2426A1C200F1DD9F /* Products */ = {
			isa = PBXGroup;
			children = (
				204C81492426A1C200F1DD9F /* project.app */,
				204C815F2426A1C500F1DD9F /* projectTests.xctest */,
				204C816A2426A1C500F1DD9F /* projectUITests.xctest */,
			);
			name = Products;
			sourceTree = "<group>";
		};
		204C814B2426A1C200F1DD9F /* project */ = {
			isa = PBXGroup;
			children = (
				204C814C2426A1C200F1DD9F /* AppDelegate.swift */,
				204C814E2426A1C200F1DD9F /* SceneDelegate.swift */,
				204C81502426A1C200F1DD9F /* ViewController.swift */,
				204C81522426A1C200F1DD9F /* Main.storyboard */,
				204C81552426A1C500F1DD9F /* Assets.xcassets */,
				204C81572426A1C500F1DD9F /* LaunchScreen.storyboard */,
				204C815A2426A1C500F1DD9F /* Info.plist */,
			);
			path = project;
			sourceTree = "<group>";
		};
		204C81622426A1C500F1DD9F /* projectTests */ = {
			isa = PBXGroup;
			children = (
				204C81632426A1C500F1DD9F /* projectTests.swift */,
				204C81652426A1C500F1DD9F /* Info.plist */,
			);
			path = projectTests;
			sourceTree = "<group>";
		};
		204C816D2426A1C500F1DD9F /* projectUITests */ = {
			isa = PBXGroup;
			children = (
				204C816E2426A1C500F1DD9F /* projectUITests.swift */,
				204C81702426A1C500F1DD9F /* Info.plist */,
			);
			path = projectUITests;
			sourceTree = "<group>";
		};
/* End PBXGroup section */

/* Begin PBXNativeTarget section */
		204C81482426A1C200F1DD9F /* project */ = {
			isa = PBXNativeTarget;
			buildConfigurationList = 204C81732426A1C500F1DD9F /* Build configuration list for PBXNativeTarget "project" */;
			buildPhases = (
				204C81452426A1C200F1DD9F /* Sources */,
				204C81462426A1C200F1DD9F /* Frameworks */,
				204C81472426A1C200F1DD9F /* Resources */,
			);
			buildRules = (
			);
			dependencies = (
			);
			name = project;
			productName = project;
			productReference = 204C81492426A1C200F1DD9F /* project.app */;
			productType = "com.apple.product-type.application";
		};
		204C815E2426A1C500F1DD9F /* projectTests */ = {
			isa = PBXNativeTarget;
			buildConfigurationList = 204C81762426A1C500F1DD9F /* Build configuration list for PBXNativeTarget "projectTests" */;
			buildPhases = (
				204C815B2426A1C500F1DD9F /* Sources */,
				204C815C2426A1C500F1DD9F /* Frameworks */,
				204C815D2426A1C500F1DD9F /* Resources */,
			);
			buildRules = (
			);
			dependencies = (
				204C81612426A1C500F1DD9F /* PBXTargetDependency */,
			);
			name = projectTests;
			productName = projectTests;
			productReference = 204C815F2426A1C500F1DD9F /* projectTests.xctest */;
			productType = "com.apple.product-type.bundle.unit-test";
		};
		204C81692426A1C500F1DD9F /* projectUITests */ = {
			isa = PBXNativeTarget;
			buildConfigurationList = 204C81792426A1C500F1DD9F /* Build configuration list for PBXNativeTarget "projectUITests" */;
			buildPhases = (
				204C81662426A1C500F1DD9F /* Sources */,
				204C81672426A1C500F1DD9F /* Frameworks */,
				204C81682426A1C500F1DD9F /* Resources */,
			);
			buildRules = (
			);
			dependencies = (
				204C816C2426A1C500F1DD9F /* PBXTargetDependency */,
			);
			name = projectUITests;
			productName = projectUITests;
			productReference = 204C816A2426A1C500F1DD9F /* projectUITests.xctest */;
			productType = "com.apple.product-type.bundle.ui-testing";
		};
/* End PBXNativeTarget section */

/* Begin PBXProject section */
		204C81412426A1C200F1DD9F /* Project object */ = {
			isa = PBXProject;
			attributes = {
				LastSwiftUpdateCheck = 1130;
				LastUpgradeCheck = 1130;
				ORGANIZATIONNAME = "Роман Полищуков";
				TargetAttributes = {
					204C81482426A1C200F1DD9F = {
						CreatedOnToolsVersion = 11.3.1;
					};
					204C815E2426A1C500F1DD9F = {
						CreatedOnToolsVersion = 11.3.1;
						TestTargetID = 204C81482426A1C200F1DD9F;
					};
					204C81692426A1C500F1DD9F = {
						CreatedOnToolsVersion = 11.3.1;
						TestTargetID = 204C81482426A1C200F1DD9F;
					};
				};
			};
			buildConfigurationList = 204C81442426A1C200F1DD9F /* Build configuration list for PBXProject "project" */;
			compatibilityVersion = "Xcode 9.3";
			developmentRegion = en;
			hasScannedForEncodings = 0;
			knownRegions = (
				en,
				Base,
			);
			mainGroup = 204C81402426A1C200F1DD9F;
			productRefGroup = 204C814A2426A1C200F1DD9F /* Products */;
			projectDirPath = "";
			projectRoot = "";
			targets = (
				204C81482426A1C200F1DD9F /* project */,
				204C815E2426A1C500F1DD9F /* projectTests */,
				204C81692426A1C500F1DD9F /* projectUITests */,
			);
		};
/* End PBXProject section */

/* Begin PBXResourcesBuildPhase section */
		204C81472426A1C200F1DD9F /* Resources */ = {
			isa = PBXResourcesBuildPhase;
			buildActionMask = 2147483647;
			files = (
				204C81592426A1C500F1DD9F /* LaunchScreen.storyboard in Resources */,
				204C81562426A1C500F1DD9F /* Assets.xcassets in Resources */,
				204C81542426A1C200F1DD9F /* Main.storyboard in Resources */,
			);
			runOnlyForDeploymentPostprocessing = 0;
		};
		204C815D2426A1C500F1DD9F /* Resources */ = {
			isa = PBXResourcesBuildPhase;
			buildActionMask = 2147483647;
			files = (
			);
			runOnlyForDeploymentPostprocessing = 0;
		};
		204C81682426A1C500F1DD9F /* Resources */ = {
			isa = PBXResourcesBuildPhase;
			buildActionMask = 2147483647;
			files = (
			);
			runOnlyForDeploymentPostprocessing = 0;
		};
/* End PBXResourcesBuildPhase section */

/* Begin PBXSourcesBuildPhase section */
		204C81452426A1C200F1DD9F /* Sources */ = {
			isa = PBXSourcesBuildPhase;
			buildActionMask = 2147483647;
			files = (
				204C81512426A1C200F1DD9F /* ViewController.swift in Sources */,
				204C814D2426A1C200F1DD9F /* AppDelegate.swift in Sources */,
				204C814F2426A1C200F1DD9F /* SceneDelegate.swift in Sources */,
			);
			runOnlyForDeploymentPostprocessing = 0;
		};
		204C815B2426A1C500F1DD9F /* Sources */ = {
			isa = PBXSourcesBuildPhase;
			buildActionMask = 2147483647;
			files = (
				204C81642426A1C500F1DD9F /* projectTests.swift in Sources */,
			);
			runOnlyForDeploymentPostprocessing = 0;
		};
		204C81662426A1C500F1DD9F /* Sources */ = {
			isa = PBXSourcesBuildPhase;
			buildActionMask = 2147483647;
			files = (
				204C816F2426A1C500F1DD9F /* projectUITests.swift in Sources */,
			);
			runOnlyForDeploymentPostprocessing = 0;
		};
/* End PBXSourcesBuildPhase section */

/* Begin PBXTargetDependency section */
		204C81612426A1C500F1DD9F /* PBXTargetDependency */ = {
			isa = PBXTargetDependency;
			target = 204C81482426A1C200F1DD9F /* project */;
			targetProxy = 204C81602426A1C500F1DD9F /* PBXContainerItemProxy */;
		};
		204C816C2426A1C500F1DD9F /* PBXTargetDependency */ = {
			isa = PBXTargetDependency;
			target = 204C81482426A1C200F1DD9F /* project */;
			targetProxy = 204C816B2426A1C500F1DD9F /* PBXContainerItemProxy */;
		};
/* End PBXTargetDependency section */

/* Begin PBXVariantGroup section */
		204C81522426A1C200F1DD9F /* Main.storyboard */ = {
			isa = PBXVariantGroup;
			children = (
				204C81532426A1C200F1DD9F /* Base */,
			);
			name = Main.storyboard;
			sourceTree = "<group>";
		};
		204C81572426A1C500F1DD9F /* LaunchScreen.storyboard */ = {
			isa = PBXVariantGroup;
			children = (
				204C81582426A1C500F1DD9F /* Base */,
			);
			name = LaunchScreen.storyboard;
			sourceTree = "<group>";
		};
/* End PBXVariantGroup section */

/* Begin XCBuildConfiguration section */
		204C81712426A1C500F1DD9F /* Debug */ = {
			isa = XCBuildConfiguration;
			buildSettings = {
				ALWAYS_SEARCH_USER_PATHS = NO;
				CLANG_ANALYZER_NONNULL = YES;
				CLANG_ANALYZER_NUMBER_OBJECT_CONVERSION = YES_AGGRESSIVE;
				CLANG_CXX_LANGUAGE_STANDARD = "gnu++14";
				CLANG_CXX_LIBRARY = "libc++";
				CLANG_ENABLE_MODULES = YES;
				CLANG_ENABLE_OBJC_ARC = YES;
				CLANG_ENABLE_OBJC_WEAK = YES;
				CLANG_WARN_BLOCK_CAPTURE_AUTORELEASING = YES;
				CLANG_WARN_BOOL_CONVERSION = YES;
				CLANG_WARN_COMMA = YES;
				CLANG_WARN_CONSTANT_CONVERSION = YES;
				CLANG_WARN_DEPRECATED_OBJC_IMPLEMENTATIONS = YES;
				CLANG_WARN_DIRECT_OBJC_ISA_USAGE = YES_ERROR;
				CLANG_WARN_DOCUMENTATION_COMMENTS = YES;
				CLANG_WARN_EMPTY_BODY = YES;
				CLANG_WARN_ENUM_CONVERSION = YES;
				CLANG_WARN_INFINITE_RECURSION = YES;
				CLANG_WARN_INT_CONVERSION = YES;
				CLANG_WARN_NON_LITERAL_NULL_CONVERSION = YES;
				CLANG_WARN_OBJC_IMPLICIT_RETAIN_SELF = YES;
				CLANG_WARN_OBJC_LITERAL_CONVERSION = YES;
				CLANG_WARN_OBJC_ROOT_CLASS = YES_ERROR;
				CLANG_WARN_RANGE_LOOP_ANALYSIS = YES;
				CLANG_WARN_STRICT_PROTOTYPES = YES;
				CLANG_WARN_SUSPICIOUS_MOVE = YES;
				CLANG_WARN_UNGUARDED_AVAILABILITY = YES_AGGRESSIVE;
				CLANG_WARN_UNREACHABLE_CODE = YES;
				CLANG_WARN__DUPLICATE_METHOD_MATCH = YES;
				COPY_PHASE_STRIP = NO;
				DEBUG_INFORMATION_FORMAT = dwarf;
				ENABLE_STRICT_OBJC_MSGSEND = YES;
				ENABLE_TESTABILITY = YES;
				GCC_C_LANGUAGE_STANDARD = gnu11;
				GCC_DYNAMIC_NO_PIC = NO;
				GCC_NO_COMMON_BLOCKS = YES;
				GCC_OPTIMIZATION_LEVEL = 0;
				GCC_PREPROCESSOR_DEFINITIONS = (
					"DEBUG=1",
					"$(inherited)",
				);
				GCC_WARN_64_TO_32_BIT_CONVERSION = YES;
				GCC_WARN_ABOUT_RETURN_TYPE = YES_ERROR;
				GCC_WARN_UNDECLARED_SELECTOR = YES;
				GCC_WARN_UNINITIALIZED_AUTOS = YES_AGGRESSIVE;
				GCC_WARN_UNUSED_FUNCTION = YES;
				GCC_WARN_UNUSED_VARIABLE = YES;
				IPHONEOS_DEPLOYMENT_TARGET = 13.2;
				MTL_ENABLE_DEBUG_INFO = INCLUDE_SOURCE;
				MTL_FAST_MATH = YES;
				ONLY_ACTIVE_ARCH = YES;
				SDKROOT = iphoneos;
				SWIFT_ACTIVE_COMPILATION_CONDITIONS = DEBUG;
				SWIFT_OPTIMIZATION_LEVEL = "-Onone";
			};
			name = Debug;
		};
		204C81722426A1C500F1DD9F /* Release */ = {
			isa = XCBuildConfiguration;
			buildSettings = {
				ALWAYS_SEARCH_USER_PATHS = NO;
				CLANG_ANALYZER_NONNULL = YES;
				CLANG_ANALYZER_NUMBER_OBJECT_CONVERSION = YES_AGGRESSIVE;
				CLANG_CXX_LANGUAGE_STANDARD = "gnu++14";
				CLANG_CXX_LIBRARY = "libc++";
				CLANG_ENABLE_MODULES = YES;
				CLANG_ENABLE_OBJC_ARC = YES;
				CLANG_ENABLE_OBJC_WEAK = YES;
				CLANG_WARN_BLOCK_CAPTURE_AUTORELEASING = YES;
				CLANG_WARN_BOOL_CONVERSION = YES;
				CLANG_WARN_COMMA = YES;
				CLANG_WARN_CONSTANT_CONVERSION = YES;
				CLANG_WARN_DEPRECATED_OBJC_IMPLEMENTATIONS = YES;
				CLANG_WARN_DIRECT_OBJC_ISA_USAGE = YES_ERROR;
				CLANG_WARN_DOCUMENTATION_COMMENTS = YES;
				CLANG_WARN_EMPTY_BODY = YES;
				CLANG_WARN_ENUM_CONVERSION = YES;
				CLANG_WARN_INFINITE_RECURSION = YES;
				CLANG_WARN_INT_CONVERSION = YES;
				CLANG_WARN_NON_LITERAL_NULL_CONVERSION = YES;
				CLANG_WARN_OBJC_IMPLICIT_RETAIN_SELF = YES;
				CLANG_WARN_OBJC_LITERAL_CONVERSION = YES;
				CLANG_WARN_OBJC_ROOT_CLASS = YES_ERROR;
				CLANG_WARN_RANGE_LOOP_ANALYSIS = YES;
				CLANG_WARN_STRICT_PROTOTYPES = YES;
				CLANG_WARN_SUSPICIOUS_MOVE = YES;
				CLANG_WARN_UNGUARDED_AVAILABILITY = YES_AGGRESSIVE;
				CLANG_WARN_UNREACHABLE_CODE = YES;
				CLANG_WARN__DUPLICATE_METHOD_MATCH = YES;
				COPY_PHASE_STRIP = NO;
				DEBUG_INFORMATION_FORMAT = "dwarf-with-dsym";
				ENABLE_NS_ASSERTIONS = NO;
				ENABLE_STRICT_OBJC_MSGSEND = YES;
				GCC_C_LANGUAGE_STANDARD = gnu11;
				GCC_NO_COMMON_BLOCKS = YES;
				GCC_WARN_64_TO_32_BIT_CONVERSION = YES;
				GCC_WARN_ABOUT_RETURN_TYPE = YES_ERROR;
				GCC_WARN_UNDECLARED_SELECTOR = YES;
				GCC_WARN_UNINITIALIZED_AUTOS = YES_AGGRESSIVE;
				GCC_WARN_UNUSED_FUNCTION = YES;
				GCC_WARN_UNUSED_VARIABLE = YES;
				IPHONEOS_DEPLOYMENT_TARGET = 13.2;
				MTL_ENABLE_DEBUG_INFO = NO;
				MTL_FAST_MATH = YES;
				SDKROOT = iphoneos;
				SWIFT_COMPILATION_MODE = wholemodule;
				SWIFT_OPTIMIZATION_LEVEL = "-O";
				VALIDATE_PRODUCT = YES;
			};
			name = Release;
		};
		204C81742426A1C500F1DD9F /* Debug */ = {
			isa = XCBuildConfiguration;
			buildSettings = {
				ASSETCATALOG_COMPILER_APPICON_NAME = AppIcon;
				CODE_SIGN_STYLE = Automatic;
				INFOPLIST_FILE = project/Info.plist;
				LD_RUNPATH_SEARCH_PATHS = (
					"$(inherited)",
					"@executable_path/Frameworks",
				);
				PRODUCT_BUNDLE_IDENTIFIER = www.project;
				PRODUCT_NAME = "$(TARGET_NAME)";
				SWIFT_VERSION = 5.0;
				TARGETED_DEVICE_FAMILY = "1,2";
			};
			name = Debug;
		};
		204C81752426A1C500F1DD9F /* Release */ = {
			isa = XCBuildConfiguration;
			buildSettings = {
				ASSETCATALOG_COMPILER_APPICON_NAME = AppIcon;
				CODE_SIGN_STYLE = Automatic;
				INFOPLIST_FILE = project/Info.plist;
				LD_RUNPATH_SEARCH_PATHS = (
					"$(inherited)",
					"@executable_path/Frameworks",
				);
				PRODUCT_BUNDLE_IDENTIFIER = www.project;
				PRODUCT_NAME = "$(TARGET_NAME)";
				SWIFT_VERSION = 5.0;
				TARGETED_DEVICE_FAMILY = "1,2";
			};
			name = Release;
		};
		204C81772426A1C500F1DD9F /* Debug */ = {
			isa = XCBuildConfiguration;
			buildSettings = {
				ALWAYS_EMBED_SWIFT_STANDARD_LIBRARIES = YES;
				BUNDLE_LOADER = "$(TEST_HOST)";
				CODE_SIGN_STYLE = Automatic;
				INFOPLIST_FILE = projectTests/Info.plist;
				IPHONEOS_DEPLOYMENT_TARGET = 13.2;
				LD_RUNPATH_SEARCH_PATHS = (
					"$(inherited)",
					"@executable_path/Frameworks",
					"@loader_path/Frameworks",
				);
				PRODUCT_BUNDLE_IDENTIFIER = www.projectTests;
				PRODUCT_NAME = "$(TARGET_NAME)";
				SWIFT_VERSION = 5.0;
				TARGETED_DEVICE_FAMILY = "1,2";
				TEST_HOST = "$(BUILT_PRODUCTS_DIR)/project.app/project";
			};
			name = Debug;
		};
		204C81782426A1C500F1DD9F /* Release */ = {
			isa = XCBuildConfiguration;
			buildSettings = {
				ALWAYS_EMBED_SWIFT_STANDARD_LIBRARIES = YES;
				BUNDLE_LOADER = "$(TEST_HOST)";
				CODE_SIGN_STYLE = Automatic;
				INFOPLIST_FILE = projectTests/Info.plist;
				IPHONEOS_DEPLOYMENT_TARGET = 13.2;
				LD_RUNPATH_SEARCH_PATHS = (
					"$(inherited)",
					"@executable_path/Frameworks",
					"@loader_path/Frameworks",
				);
				PRODUCT_BUNDLE_IDENTIFIER = www.projectTests;
				PRODUCT_NAME = "$(TARGET_NAME)";
				SWIFT_VERSION = 5.0;
				TARGETED_DEVICE_FAMILY = "1,2";
				TEST_HOST = "$(BUILT_PRODUCTS_DIR)/project.app/project";
			};
			name = Release;
		};
		204C817A2426A1C500F1DD9F /* Debug */ = {
			isa = XCBuildConfiguration;
			buildSettings = {
				ALWAYS_EMBED_SWIFT_STANDARD_LIBRARIES = YES;
				CODE_SIGN_STYLE = Automatic;
				INFOPLIST_FILE = projectUITests/Info.plist;
				LD_RUNPATH_SEARCH_PATHS = (
					"$(inherited)",
					"@executable_path/Frameworks",
					"@loader_path/Frameworks",
				);
				PRODUCT_BUNDLE_IDENTIFIER = www.projectUITests;
				PRODUCT_NAME = "$(TARGET_NAME)";
				SWIFT_VERSION = 5.0;
				TARGETED_DEVICE_FAMILY = "1,2";
				TEST_TARGET_NAME = project;
			};
			name = Debug;
		};
		204C817B2426A1C500F1DD9F /* Release */ = {
			isa = XCBuildConfiguration;
			buildSettings = {
				ALWAYS_EMBED_SWIFT_STANDARD_LIBRARIES = YES;
				CODE_SIGN_STYLE = Automatic;
				INFOPLIST_FILE = projectUITests/Info.plist;
				LD_RUNPATH_SEARCH_PATHS = (
					"$(inherited)",
					"@executable_path/Frameworks",
					"@loader_path/Frameworks",
				);
				PRODUCT_BUNDLE_IDENTIFIER = www.projectUITests;
				PRODUCT_NAME = "$(TARGET_NAME)";
				SWIFT_VERSION = 5.0;
				TARGETED_DEVICE_FAMILY = "1,2";
				TEST_TARGET_NAME = project;
			};
			name = Release;
		};
/* End XCBuildConfiguration section */

/* Begin XCConfigurationList section */
		204C81442426A1C200F1DD9F /* Build configuration list for PBXProject "project" */ = {
			isa = XCConfigurationList;
			buildConfigurations = (
				204C81712426A1C500F1DD9F /* Debug */,
				204C81722426A1C500F1DD9F /* Release */,
			);
			defaultConfigurationIsVisible = 0;
			defaultConfigurationName = Release;
		};
		204C81732426A1C500F1DD9F /* Build configuration list for PBXNativeTarget "project" */ = {
			isa = XCConfigurationList;
			buildConfigurations = (
				204C81742426A1C500F1DD9F /* Debug */,
				204C81752426A1C500F1DD9F /* Release */,
			);
			defaultConfigurationIsVisible = 0;
			defaultConfigurationName = Release;
		};
		204C81762426A1C500F1DD9F /* Build configuration list for PBXNativeTarget "projectTests" */ = {
			isa = XCConfigurationList;
			buildConfigurations = (
				204C81772426A1C500F1DD9F /* Debug */,
				204C81782426A1C500F1DD9F /* Release */,
			);
			defaultConfigurationIsVisible = 0;
			defaultConfigurationName = Release;
		};
		204C81792426A1C500F1DD9F /* Build configuration list for PBXNativeTarget "projectUITests" */ = {
			isa = XCConfigurationList;
			buildConfigurations = (
				204C817A2426A1C500F1DD9F /* Debug */,
				204C817B2426A1C500F1DD9F /* Release */,
			);
			defaultConfigurationIsVisible = 0;
			defaultConfigurationName = Release;
		};
/* End XCConfigurationList section */
	};
	rootObject = 204C81412426A1C200F1DD9F /* Project object */;
}
